// !$*UTF8*$!
{
	archiveVersion = 1;
	classes = {
	};
	objectVersion = 46;
	objects = {

/* Begin PBXBuildFile section */
		0664914517A41B9200340661 /* UIKit.framework in Frameworks */ = {isa = PBXBuildFile; fileRef = 0664914417A41B9200340661 /* UIKit.framework */; };
		0664914717A41B9200340661 /* Foundation.framework in Frameworks */ = {isa = PBXBuildFile; fileRef = 0664914617A41B9200340661 /* Foundation.framework */; };
		0664914917A41B9200340661 /* CoreGraphics.framework in Frameworks */ = {isa = PBXBuildFile; fileRef = 0664914817A41B9200340661 /* CoreGraphics.framework */; };
		0664914F17A41B9200340661 /* InfoPlist.strings in Resources */ = {isa = PBXBuildFile; fileRef = 0664914D17A41B9200340661 /* InfoPlist.strings */; };
		0664915117A41B9200340661 /* main.m in Sources */ = {isa = PBXBuildFile; fileRef = 0664915017A41B9200340661 /* main.m */; };
		0664915517A41B9200340661 /* AppDelegate.m in Sources */ = {isa = PBXBuildFile; fileRef = 0664915417A41B9200340661 /* AppDelegate.m */; };
		0664915717A41B9200340661 /* Default.png in Resources */ = {isa = PBXBuildFile; fileRef = 0664915617A41B9200340661 /* Default.png */; };
		0664915917A41B9200340661 /* Default@2x.png in Resources */ = {isa = PBXBuildFile; fileRef = 0664915817A41B9200340661 /* Default@2x.png */; };
		0664915B17A41B9200340661 /* Default-568h@2x.png in Resources */ = {isa = PBXBuildFile; fileRef = 0664915A17A41B9200340661 /* Default-568h@2x.png */; };
		0664916417A41BC600340661 /* BrightViewController.m in Sources */ = {isa = PBXBuildFile; fileRef = 0664916217A41BC600340661 /* BrightViewController.m */; };
		0664916517A41BC600340661 /* BrightViewController.xib in Resources */ = {isa = PBXBuildFile; fileRef = 0664916317A41BC600340661 /* BrightViewController.xib */; };
/* End PBXBuildFile section */

/* Begin PBXFileReference section */
		0664914117A41B9200340661 /* Brightness.app */ = {isa = PBXFileReference; explicitFileType = wrapper.application; includeInIndex = 0; path = Brightness.app; sourceTree = BUILT_PRODUCTS_DIR; };
		0664914417A41B9200340661 /* UIKit.framework */ = {isa = PBXFileReference; lastKnownFileType = wrapper.framework; name = UIKit.framework; path = System/Library/Frameworks/UIKit.framework; sourceTree = SDKROOT; };
		0664914617A41B9200340661 /* Foundation.framework */ = {isa = PBXFileReference; lastKnownFileType = wrapper.framework; name = Foundation.framework; path = System/Library/Frameworks/Foundation.framework; sourceTree = SDKROOT; };
		0664914817A41B9200340661 /* CoreGraphics.framework */ = {isa = PBXFileReference; lastKnownFileType = wrapper.framework; name = CoreGraphics.framework; path = System/Library/Frameworks/CoreGraphics.framework; sourceTree = SDKROOT; };
		0664914C17A41B9200340661 /* Brightness-Info.plist */ = {isa = PBXFileReference; lastKnownFileType = text.plist.xml; path = "Brightness-Info.plist"; sourceTree = "<group>"; };
		0664914E17A41B9200340661 /* en */ = {isa = PBXFileReference; lastKnownFileType = text.plist.strings; name = en; path = en.lproj/InfoPlist.strings; sourceTree = "<group>"; };
		0664915017A41B9200340661 /* main.m */ = {isa = PBXFileReference; lastKnownFileType = sourcecode.c.objc; path = main.m; sourceTree = "<group>"; };
		0664915217A41B9200340661 /* Brightness-Prefix.pch */ = {isa = PBXFileReference; lastKnownFileType = sourcecode.c.h; path = "Brightness-Prefix.pch"; sourceTree = "<group>"; };
		0664915317A41B9200340661 /* AppDelegate.h */ = {isa = PBXFileReference; lastKnownFileType = sourcecode.c.h; path = AppDelegate.h; sourceTree = "<group>"; };
		0664915417A41B9200340661 /* AppDelegate.m */ = {isa = PBXFileReference; lastKnownFileType = sourcecode.c.objc; path = AppDelegate.m; sourceTree = "<group>"; };
		0664915617A41B9200340661 /* Default.png */ = {isa = PBXFileReference; lastKnownFileType = image.png; path = Default.png; sourceTree = "<group>"; };
		0664915817A41B9200340661 /* Default@2x.png */ = {isa = PBXFileReference; lastKnownFileType = image.png; path = "Default@2x.png"; sourceTree = "<group>"; };
		0664915A17A41B9200340661 /* Default-568h@2x.png */ = {isa = PBXFileReference; lastKnownFileType = image.png; path = "Default-568h@2x.png"; sourceTree = "<group>"; };
		0664916117A41BC600340661 /* BrightViewController.h */ = {isa = PBXFileReference; fileEncoding = 4; lastKnownFileType = sourcecode.c.h; path = BrightViewController.h; sourceTree = "<group>"; };
		0664916217A41BC600340661 /* BrightViewController.m */ = {isa = PBXFileReference; fileEncoding = 4; lastKnownFileType = sourcecode.c.objc; path = BrightViewController.m; sourceTree = "<group>"; };
		0664916317A41BC600340661 /* BrightViewController.xib */ = {isa = PBXFileReference; fileEncoding = 4; lastKnownFileType = file.xib; path = BrightViewController.xib; sourceTree = "<group>"; };
/* End PBXFileReference section */

/* Begin PBXFrameworksBuildPhase section */
		0664913E17A41B9200340661 /* Frameworks */ = {
			isa = PBXFrameworksBuildPhase;
			buildActionMask = 2147483647;
			files = (
				0664914517A41B9200340661 /* UIKit.framework in Frameworks */,
				0664914717A41B9200340661 /* Foundation.framework in Frameworks */,
				0664914917A41B9200340661 /* CoreGraphics.framework in Frameworks */,
			);
			runOnlyForDeploymentPostprocessing = 0;
		};
/* End PBXFrameworksBuildPhase section */

/* Begin PBXGroup section */
		0664913817A41B9200340661 = {
			isa = PBXGroup;
			children = (
				0664914A17A41B9200340661 /* Brightness */,
				0664914317A41B9200340661 /* Frameworks */,
				0664914217A41B9200340661 /* Products */,
			);
			sourceTree = "<group>";
		};
		0664914217A41B9200340661 /* Products */ = {
			isa = PBXGroup;
			children = (
				0664914117A41B9200340661 /* Brightness.app */,
			);
			name = Products;
			sourceTree = "<group>";
		};
		0664914317A41B9200340661 /* Frameworks */ = {
			isa = PBXGroup;
			children = (
				0664914417A41B9200340661 /* UIKit.framework */,
				0664914617A41B9200340661 /* Foundation.framework */,
				0664914817A41B9200340661 /* CoreGraphics.framework */,
			);
			name = Frameworks;
			sourceTree = "<group>";
		};
		0664914A17A41B9200340661 /* Brightness */ = {
			isa = PBXGroup;
			children = (
				0664915317A41B9200340661 /* AppDelegate.h */,
				0664915417A41B9200340661 /* AppDelegate.m */,
				0664914B17A41B9200340661 /* Supporting Files */,
			);
			path = Brightness;
			sourceTree = "<group>";
		};
		0664914B17A41B9200340661 /* Supporting Files */ = {
			isa = PBXGroup;
			children = (
				0664916117A41BC600340661 /* BrightViewController.h */,
				0664916217A41BC600340661 /* BrightViewController.m */,
				0664916317A41BC600340661 /* BrightViewController.xib */,
				0664914C17A41B9200340661 /* Brightness-Info.plist */,
				0664914D17A41B9200340661 /* InfoPlist.strings */,
				0664915017A41B9200340661 /* main.m */,
				0664915217A41B9200340661 /* Brightness-Prefix.pch */,
				0664915617A41B9200340661 /* Default.png */,
				0664915817A41B9200340661 /* Default@2x.png */,
				0664915A17A41B9200340661 /* Default-568h@2x.png */,
			);
			name = "Supporting Files";
			sourceTree = "<group>";
		};
/* End PBXGroup section */

/* Begin PBXNativeTarget section */
		0664914017A41B9200340661 /* Brightness */ = {
			isa = PBXNativeTarget;
			buildConfigurationList = 0664915E17A41B9200340661 /* Build configuration list for PBXNativeTarget "Brightness" */;
			buildPhases = (
				0664913D17A41B9200340661 /* Sources */,
				0664913E17A41B9200340661 /* Frameworks */,
				0664913F17A41B9200340661 /* Resources */,
			);
			buildRules = (
			);
			dependencies = (
			);
			name = Brightness;
			productName = Brightness;
			productReference = 0664914117A41B9200340661 /* Brightness.app */;
			productType = "com.apple.product-type.application";
		};
/* End PBXNativeTarget section */

/* Begin PBXProject section */
		0664913917A41B9200340661 /* Project object */ = {
			isa = PBXProject;
			attributes = {
				LastUpgradeCheck = 0460;
				ORGANIZATIONNAME = "Alan Pew";
			};
			buildConfigurationList = 0664913C17A41B9200340661 /* Build configuration list for PBXProject "Brightness" */;
			compatibilityVersion = "Xcode 3.2";
			developmentRegion = English;
			hasScannedForEncodings = 0;
			knownRegions = (
				en,
			);
			mainGroup = 0664913817A41B9200340661;
			productRefGroup = 0664914217A41B9200340661 /* Products */;
			projectDirPath = "";
			projectRoot = "";
			targets = (
				0664914017A41B9200340661 /* Brightness */,
			);
		};
/* End PBXProject section */

/* Begin PBXResourcesBuildPhase section */
		0664913F17A41B9200340661 /* Resources */ = {
			isa = PBXResourcesBuildPhase;
			buildActionMask = 2147483647;
			files = (
				0664914F17A41B9200340661 /* InfoPlist.strings in Resources */,
				0664915717A41B9200340661 /* Default.png in Resources */,
				0664915917A41B9200340661 /* Default@2x.png in Resources */,
				0664915B17A41B9200340661 /* Default-568h@2x.png in Resources */,
				0664916517A41BC600340661 /* BrightViewController.xib in Resources */,
			);
			runOnlyForDeploymentPostprocessing = 0;
		};
/* End PBXResourcesBuildPhase section */

/* Begin PBXSourcesBuildPhase section */
		0664913D17A41B9200340661 /* Sources */ = {
			isa = PBXSourcesBuildPhase;
			buildActionMask = 2147483647;
			files = (
				0664915117A41B9200340661 /* main.m in Sources */,
				0664915517A41B9200340661 /* AppDelegate.m in Sources */,
				0664916417A41BC600340661 /* BrightViewController.m in Sources */,
			);
			runOnlyForDeploymentPostprocessing = 0;
		};
/* End PBXSourcesBuildPhase section */

/* Begin PBXVariantGroup section */
		0664914D17A41B9200340661 /* InfoPlist.strings */ = {
			isa = PBXVariantGroup;
			children = (
				0664914E17A41B9200340661 /* en */,
			);
			name = InfoPlist.strings;
			sourceTree = "<group>";
		};
/* End PBXVariantGroup section */

/* Begin XCBuildConfiguration section */
		0664915C17A41B9200340661 /* Debug */ = {
			isa = XCBuildConfiguration;
			buildSettings = {
				ALWAYS_SEARCH_USER_PATHS = NO;
				CLANG_CXX_LANGUAGE_STANDARD = "gnu++0x";
				CLANG_CXX_LIBRARY = "libc++";
				CLANG_WARN_CONSTANT_CONVERSION = YES;
				CLANG_WARN_EMPTY_BODY = YES;
				CLANG_WARN_ENUM_CONVERSION = YES;
				CLANG_WARN_INT_CONVERSION = YES;
				CLANG_WARN__DUPLICATE_METHOD_MATCH = YES;
				"CODE_SIGN_IDENTITY[sdk=iphoneos*]" = "iPhone Developer";
				COPY_PHASE_STRIP = NO;
				GCC_C_LANGUAGE_STANDARD = gnu99;
				GCC_DYNAMIC_NO_PIC = NO;
				GCC_OPTIMIZATION_LEVEL = 0;
				GCC_PREPROCESSOR_DEFINITIONS = (
					"DEBUG=1",
					"$(inherited)",
				);
				GCC_SYMBOLS_PRIVATE_EXTERN = NO;
				GCC_WARN_ABOUT_RETURN_TYPE = YES;
				GCC_WARN_UNINITIALIZED_AUTOS = YES;
				GCC_WARN_UNUSED_VARIABLE = YES;
				IPHONEOS_DEPLOYMENT_TARGET = 6.1;
				ONLY_ACTIVE_ARCH = YES;
				SDKROOT = iphoneos;
			};
			name = Debug;
		};
		0664915D17A41B9200340661 /* Release */ = {
			isa = XCBuildConfiguration;
			buildSettings = {
				ALWAYS_SEARCH_USER_PATHS = NO;
				CLANG_CXX_LANGUAGE_STANDARD = "gnu++0x";
				CLANG_CXX_LIBRARY = "libc++";
				CLANG_WARN_CONSTANT_CONVERSION = YES;
				CLANG_WARN_EMPTY_BODY = YES;
				CLANG_WARN_ENUM_CONVERSION = YES;
				CLANG_WARN_INT_CONVERSION = YES;
				CLANG_WARN__DUPLICATE_METHOD_MATCH = YES;
				"CODE_SIGN_IDENTITY[sdk=iphoneos*]" = "iPhone Developer";
				COPY_PHASE_STRIP = YES;
				GCC_C_LANGUAGE_STANDARD = gnu99;
				GCC_WARN_ABOUT_RETURN_TYPE = YES;
				GCC_WARN_UNINITIALIZED_AUTOS = YES;
				GCC_WARN_UNUSED_VARIABLE = YES;
				IPHONEOS_DEPLOYMENT_TARGET = 6.1;
				OTHER_CFLAGS = "-DNS_BLOCK_ASSERTIONS=1";
				SDKROOT = iphoneos;
				VALIDATE_PRODUCT = YES;
			};
			name = Release;
		};
		0664915F17A41B9200340661 /* Debug */ = {
			isa = XCBuildConfiguration;
			buildSettings = {
				GCC_PRECOMPILE_PREFIX_HEADER = YES;
				GCC_PREFIX_HEADER = "Brightness/Brightness-Prefix.pch";
				INFOPLIST_FILE = "Brightness/Brightness-Info.plist";
				IPHONEOS_DEPLOYMENT_TARGET = 5.1;
				PRODUCT_NAME = "$(TARGET_NAME)";
				WRAPPER_EXTENSION = app;
			};
			name = Debug;
		};
		0664916017A41B9200340661 /* Release */ = {
			isa = XCBuildConfiguration;
			buildSettings = {
				GCC_PRECOMPILE_PREFIX_HEADER = YES;
				GCC_PREFIX_HEADER = "Brightness/Brightness-Prefix.pch";
				INFOPLIST_FILE = "Brightness/Brightness-Info.plist";
				IPHONEOS_DEPLOYMENT_TARGET = 5.1;
				PRODUCT_NAME = "$(TARGET_NAME)";
				WRAPPER_EXTENSION = app;
			};
			name = Release;
		};
/* End XCBuildConfiguration section */

/* Begin XCConfigurationList section */
		0664913C17A41B9200340661 /* Build configuration list for PBXProject "Brightness" */ = {
			isa = XCConfigurationList;
			buildConfigurations = (
				0664915C17A41B9200340661 /* Debug */,
				0664915D17A41B9200340661 /* Release */,
			);
			defaultConfigurationIsVisible = 0;
			defaultConfigurationName = Release;
		};
		0664915E17A41B9200340661 /* Build configuration list for PBXNativeTarget "Brightness" */ = {
			isa = XCConfigurationList;
			buildConfigurations = (
				0664915F17A41B9200340661 /* Debug */,
				0664916017A41B9200340661 /* Release */,
			);
			defaultConfigurationIsVisible = 0;
		};
/* End XCConfigurationList section */
	};
	rootObject = 0664913917A41B9200340661 /* Project object */;
}
